// !$*UTF8*$!
{
	archiveVersion = 1;
	classes = {
	};
	objectVersion = 48;
	objects = {

/* Begin PBXBuildFile section */
		182951821FFF211B002B7A06 /* commom.swift in Sources */ = {isa = PBXBuildFile; fileRef = 182951811FFF211B002B7A06 /* commom.swift */; };
		182951841FFF47A9002B7A06 /* PageContentView.swift in Sources */ = {isa = PBXBuildFile; fileRef = 182951831FFF47A9002B7A06 /* PageContentView.swift */; };
		182951861FFF49D0002B7A06 /* UIColor.swift in Sources */ = {isa = PBXBuildFile; fileRef = 182951851FFF49D0002B7A06 /* UIColor.swift */; };
		1837F58D1FFCBA16008C68BD /* PageTitleView.swift in Sources */ = {isa = PBXBuildFile; fileRef = 1837F58C1FFCBA16008C68BD /* PageTitleView.swift */; };
		183C79221FFB71D9003D776A /* AppDelegate.swift in Sources */ = {isa = PBXBuildFile; fileRef = 183C79211FFB71D9003D776A /* AppDelegate.swift */; };
		183C79271FFB71D9003D776A /* Main.storyboard in Resources */ = {isa = PBXBuildFile; fileRef = 183C79251FFB71D9003D776A /* Main.storyboard */; };
		183C79291FFB71D9003D776A /* Assets.xcassets in Resources */ = {isa = PBXBuildFile; fileRef = 183C79281FFB71D9003D776A /* Assets.xcassets */; };
		183C792C1FFB71D9003D776A /* LaunchScreen.storyboard in Resources */ = {isa = PBXBuildFile; fileRef = 183C792A1FFB71D9003D776A /* LaunchScreen.storyboard */; };
		183C793B1FFB74E0003D776A /* Home.storyboard in Resources */ = {isa = PBXBuildFile; fileRef = 183C793A1FFB74E0003D776A /* Home.storyboard */; };
		183C793D1FFB74F9003D776A /* Live.storyboard in Resources */ = {isa = PBXBuildFile; fileRef = 183C793C1FFB74F9003D776A /* Live.storyboard */; };
		183C793F1FFB7528003D776A /* Follow.storyboard in Resources */ = {isa = PBXBuildFile; fileRef = 183C793E1FFB7528003D776A /* Follow.storyboard */; };
		183C79411FFB7543003D776A /* Profile.storyboard in Resources */ = {isa = PBXBuildFile; fileRef = 183C79401FFB7543003D776A /* Profile.storyboard */; };
		183C79491FFB78AA003D776A /* HomeViewController.swift in Sources */ = {isa = PBXBuildFile; fileRef = 183C79481FFB78AA003D776A /* HomeViewController.swift */; };
		183C794C1FFB7F7B003D776A /* UIBarButtonItem-Extension.swift in Sources */ = {isa = PBXBuildFile; fileRef = 183C794B1FFB7F7B003D776A /* UIBarButtonItem-Extension.swift */; };
/* End PBXBuildFile section */

/* Begin PBXFileReference section */
		182951811FFF211B002B7A06 /* commom.swift */ = {isa = PBXFileReference; lastKnownFileType = sourcecode.swift; path = commom.swift; sourceTree = "<group>"; };
		182951831FFF47A9002B7A06 /* PageContentView.swift */ = {isa = PBXFileReference; lastKnownFileType = sourcecode.swift; path = PageContentView.swift; sourceTree = "<group>"; };
		182951851FFF49D0002B7A06 /* UIColor.swift */ = {isa = PBXFileReference; lastKnownFileType = sourcecode.swift; path = UIColor.swift; sourceTree = "<group>"; };
		1837F58C1FFCBA16008C68BD /* PageTitleView.swift */ = {isa = PBXFileReference; lastKnownFileType = sourcecode.swift; path = PageTitleView.swift; sourceTree = "<group>"; };
		183C791E1FFB71D9003D776A /* 斗鱼直播.app */ = {isa = PBXFileReference; explicitFileType = wrapper.application; includeInIndex = 0; path = "斗鱼直播.app"; sourceTree = BUILT_PRODUCTS_DIR; };
		183C79211FFB71D9003D776A /* AppDelegate.swift */ = {isa = PBXFileReference; lastKnownFileType = sourcecode.swift; path = AppDelegate.swift; sourceTree = "<group>"; };
		183C79261FFB71D9003D776A /* Base */ = {isa = PBXFileReference; lastKnownFileType = file.storyboard; name = Base; path = Base.lproj/Main.storyboard; sourceTree = "<group>"; };
		183C79281FFB71D9003D776A /* Assets.xcassets */ = {isa = PBXFileReference; lastKnownFileType = folder.assetcatalog; path = Assets.xcassets; sourceTree = "<group>"; };
		183C792B1FFB71D9003D776A /* Base */ = {isa = PBXFileReference; lastKnownFileType = file.storyboard; name = Base; path = Base.lproj/LaunchScreen.storyboard; sourceTree = "<group>"; };
		183C792D1FFB71D9003D776A /* Info.plist */ = {isa = PBXFileReference; lastKnownFileType = text.plist.xml; path = Info.plist; sourceTree = "<group>"; };
		183C793A1FFB74E0003D776A /* Home.storyboard */ = {isa = PBXFileReference; fileEncoding = 4; lastKnownFileType = file.storyboard; path = Home.storyboard; sourceTree = "<group>"; };
		183C793C1FFB74F9003D776A /* Live.storyboard */ = {isa = PBXFileReference; fileEncoding = 4; lastKnownFileType = file.storyboard; path = Live.storyboard; sourceTree = "<group>"; };
		183C793E1FFB7528003D776A /* Follow.storyboard */ = {isa = PBXFileReference; fileEncoding = 4; lastKnownFileType = file.storyboard; path = Follow.storyboard; sourceTree = "<group>"; };
		183C79401FFB7543003D776A /* Profile.storyboard */ = {isa = PBXFileReference; fileEncoding = 4; lastKnownFileType = file.storyboard; path = Profile.storyboard; sourceTree = "<group>"; };
		183C79481FFB78AA003D776A /* HomeViewController.swift */ = {isa = PBXFileReference; lastKnownFileType = sourcecode.swift; path = HomeViewController.swift; sourceTree = "<group>"; };
		183C794B1FFB7F7B003D776A /* UIBarButtonItem-Extension.swift */ = {isa = PBXFileReference; lastKnownFileType = sourcecode.swift; path = "UIBarButtonItem-Extension.swift"; sourceTree = "<group>"; };
/* End PBXFileReference section */

/* Begin PBXFrameworksBuildPhase section */
		183C791B1FFB71D9003D776A /* Frameworks */ = {
			isa = PBXFrameworksBuildPhase;
			buildActionMask = 2147483647;
			files = (
			);
			runOnlyForDeploymentPostprocessing = 0;
		};
/* End PBXFrameworksBuildPhase section */

/* Begin PBXGroup section */
		183C79151FFB71D9003D776A = {
			isa = PBXGroup;
			children = (
				183C79201FFB71D9003D776A /* 斗鱼直播 */,
				183C791F1FFB71D9003D776A /* Products */,
			);
			sourceTree = "<group>";
		};
		183C791F1FFB71D9003D776A /* Products */ = {
			isa = PBXGroup;
			children = (
				183C791E1FFB71D9003D776A /* 斗鱼直播.app */,
			);
			name = Products;
			sourceTree = "<group>";
		};
		183C79201FFB71D9003D776A /* 斗鱼直播 */ = {
			isa = PBXGroup;
			children = (
				183C79331FFB72F0003D776A /* Classes */,
				183C79211FFB71D9003D776A /* AppDelegate.swift */,
				183C79281FFB71D9003D776A /* Assets.xcassets */,
				183C792A1FFB71D9003D776A /* LaunchScreen.storyboard */,
				183C792D1FFB71D9003D776A /* Info.plist */,
			);
			path = "斗鱼直播";
			sourceTree = "<group>";
		};
		183C79331FFB72F0003D776A /* Classes */ = {
			isa = PBXGroup;
			children = (
				183C79371FFB72F0003D776A /* Main */,
				183C79351FFB72F0003D776A /* Home */,
				183C79361FFB72F0003D776A /* Live */,
				183C79341FFB72F0003D776A /* Follow */,
				183C79381FFB72F0003D776A /* Profile */,
				183C79391FFB72F0003D776A /* Tools */,
			);
			path = Classes;
			sourceTree = "<group>";
		};
		183C79341FFB72F0003D776A /* Follow */ = {
			isa = PBXGroup;
			children = (
				183C793E1FFB7528003D776A /* Follow.storyboard */,
			);
			path = Follow;
			sourceTree = "<group>";
		};
		183C79351FFB72F0003D776A /* Home */ = {
			isa = PBXGroup;
			children = (
				183C79431FFB77C3003D776A /* Model */,
				183C79441FFB77C3003D776A /* View */,
				183C79421FFB77C3003D776A /* Controller */,
			);
			path = Home;
			sourceTree = "<group>";
		};
		183C79361FFB72F0003D776A /* Live */ = {
			isa = PBXGroup;
			children = (
				183C793C1FFB74F9003D776A /* Live.storyboard */,
			);
			path = Live;
			sourceTree = "<group>";
		};
		183C79371FFB72F0003D776A /* Main */ = {
			isa = PBXGroup;
			children = (
				183C79471FFB781E003D776A /* Model */,
				183C79451FFB781E003D776A /* View */,
				183C79461FFB781E003D776A /* Controller */,
			);
			path = Main;
			sourceTree = "<group>";
		};
		183C79381FFB72F0003D776A /* Profile */ = {
			isa = PBXGroup;
			children = (
				183C79401FFB7543003D776A /* Profile.storyboard */,
			);
			path = Profile;
			sourceTree = "<group>";
		};
		183C79391FFB72F0003D776A /* Tools */ = {
			isa = PBXGroup;
			children = (
				183C794A1FFB7F17003D776A /* Extension */,
				182951811FFF211B002B7A06 /* commom.swift */,
			);
			path = Tools;
			sourceTree = "<group>";
		};
		183C79421FFB77C3003D776A /* Controller */ = {
			isa = PBXGroup;
			children = (
				183C793A1FFB74E0003D776A /* Home.storyboard */,
				183C79481FFB78AA003D776A /* HomeViewController.swift */,
			);
			path = Controller;
			sourceTree = "<group>";
		};
		183C79431FFB77C3003D776A /* Model */ = {
			isa = PBXGroup;
			children = (
			);
			path = Model;
			sourceTree = "<group>";
		};
		183C79441FFB77C3003D776A /* View */ = {
			isa = PBXGroup;
			children = (
			);
			path = View;
			sourceTree = "<group>";
		};
		183C79451FFB781E003D776A /* View */ = {
			isa = PBXGroup;
			children = (
				1837F58C1FFCBA16008C68BD /* PageTitleView.swift */,
				182951831FFF47A9002B7A06 /* PageContentView.swift */,
			);
			path = View;
			sourceTree = "<group>";
		};
		183C79461FFB781E003D776A /* Controller */ = {
			isa = PBXGroup;
			children = (
				183C79251FFB71D9003D776A /* Main.storyboard */,
			);
			path = Controller;
			sourceTree = "<group>";
		};
		183C79471FFB781E003D776A /* Model */ = {
			isa = PBXGroup;
			children = (
			);
			path = Model;
			sourceTree = "<group>";
		};
		183C794A1FFB7F17003D776A /* Extension */ = {
			isa = PBXGroup;
			children = (
				183C794B1FFB7F7B003D776A /* UIBarButtonItem-Extension.swift */,
				182951851FFF49D0002B7A06 /* UIColor.swift */,
			);
			path = Extension;
			sourceTree = "<group>";
		};
/* End PBXGroup section */

/* Begin PBXNativeTarget section */
		183C791D1FFB71D9003D776A /* 斗鱼直播 */ = {
			isa = PBXNativeTarget;
			buildConfigurationList = 183C79301FFB71D9003D776A /* Build configuration list for PBXNativeTarget "斗鱼直播" */;
			buildPhases = (
				183C791A1FFB71D9003D776A /* Sources */,
				183C791B1FFB71D9003D776A /* Frameworks */,
				183C791C1FFB71D9003D776A /* Resources */,
			);
			buildRules = (
			);
			dependencies = (
			);
			name = "斗鱼直播";
			productName = "斗鱼直播";
			productReference = 183C791E1FFB71D9003D776A /* 斗鱼直播.app */;
			productType = "com.apple.product-type.application";
		};
/* End PBXNativeTarget section */

/* Begin PBXProject section */
		183C79161FFB71D9003D776A /* Project object */ = {
			isa = PBXProject;
			attributes = {
				LastSwiftUpdateCheck = 0910;
				LastUpgradeCheck = 0910;
				ORGANIZATIONNAME = apple;
				TargetAttributes = {
					183C791D1FFB71D9003D776A = {
						CreatedOnToolsVersion = 9.1;
						ProvisioningStyle = Automatic;
					};
				};
			};
			buildConfigurationList = 183C79191FFB71D9003D776A /* Build configuration list for PBXProject "斗鱼直播" */;
			compatibilityVersion = "Xcode 8.0";
			developmentRegion = en;
			hasScannedForEncodings = 0;
			knownRegions = (
				en,
				Base,
			);
			mainGroup = 183C79151FFB71D9003D776A;
			productRefGroup = 183C791F1FFB71D9003D776A /* Products */;
			projectDirPath = "";
			projectRoot = "";
			targets = (
				183C791D1FFB71D9003D776A /* 斗鱼直播 */,
			);
		};
/* End PBXProject section */

/* Begin PBXResourcesBuildPhase section */
		183C791C1FFB71D9003D776A /* Resources */ = {
			isa = PBXResourcesBuildPhase;
			buildActionMask = 2147483647;
			files = (
				183C792C1FFB71D9003D776A /* LaunchScreen.storyboard in Resources */,
				183C79291FFB71D9003D776A /* Assets.xcassets in Resources */,
				183C79271FFB71D9003D776A /* Main.storyboard in Resources */,
				183C793D1FFB74F9003D776A /* Live.storyboard in Resources */,
				183C793B1FFB74E0003D776A /* Home.storyboard in Resources */,
				183C79411FFB7543003D776A /* Profile.storyboard in Resources */,
				183C793F1FFB7528003D776A /* Follow.storyboard in Resources */,
			);
			runOnlyForDeploymentPostprocessing = 0;
		};
/* End PBXResourcesBuildPhase section */

/* Begin PBXSourcesBuildPhase section */
		183C791A1FFB71D9003D776A /* Sources */ = {
			isa = PBXSourcesBuildPhase;
			buildActionMask = 2147483647;
			files = (
				1837F58D1FFCBA16008C68BD /* PageTitleView.swift in Sources */,
				182951861FFF49D0002B7A06 /* UIColor.swift in Sources */,
				182951841FFF47A9002B7A06 /* PageContentView.swift in Sources */,
				183C79221FFB71D9003D776A /* AppDelegate.swift in Sources */,
				183C79491FFB78AA003D776A /* HomeViewController.swift in Sources */,
				183C794C1FFB7F7B003D776A /* UIBarButtonItem-Extension.swift in Sources */,
				182951821FFF211B002B7A06 /* commom.swift in Sources */,
			);
			runOnlyForDeploymentPostprocessing = 0;
		};
/* End PBXSourcesBuildPhase section */

/* Begin PBXVariantGroup section */
		183C79251FFB71D9003D776A /* Main.storyboard */ = {
			isa = PBXVariantGroup;
			children = (
				183C79261FFB71D9003D776A /* Base */,
			);
			name = Main.storyboard;
			sourceTree = "<group>";
		};
		183C792A1FFB71D9003D776A /* LaunchScreen.storyboard */ = {
			isa = PBXVariantGroup;
			children = (
				183C792B1FFB71D9003D776A /* Base */,
			);
			name = LaunchScreen.storyboard;
			sourceTree = "<group>";
		};
/* End PBXVariantGroup section */

/* Begin XCBuildConfiguration section */
		183C792E1FFB71D9003D776A /* Debug */ = {
			isa = XCBuildConfiguration;
			buildSettings = {
				ALWAYS_SEARCH_USER_PATHS = NO;
				CLANG_ANALYZER_NONNULL = YES;
				CLANG_ANALYZER_NUMBER_OBJECT_CONVERSION = YES_AGGRESSIVE;
				CLANG_CXX_LANGUAGE_STANDARD = "gnu++14";
				CLANG_CXX_LIBRARY = "libc++";
				CLANG_ENABLE_MODULES = YES;
				CLANG_ENABLE_OBJC_ARC = YES;
				CLANG_WARN_BLOCK_CAPTURE_AUTORELEASING = YES;
				CLANG_WARN_BOOL_CONVERSION = YES;
				CLANG_WARN_COMMA = YES;
				CLANG_WARN_CONSTANT_CONVERSION = YES;
				CLANG_WARN_DIRECT_OBJC_ISA_USAGE = YES_ERROR;
				CLANG_WARN_DOCUMENTATION_COMMENTS = YES;
				CLANG_WARN_EMPTY_BODY = YES;
				CLANG_WARN_ENUM_CONVERSION = YES;
				CLANG_WARN_INFINITE_RECURSION = YES;
				CLANG_WARN_INT_CONVERSION = YES;
				CLANG_WARN_NON_LITERAL_NULL_CONVERSION = YES;
				CLANG_WARN_OBJC_LITERAL_CONVERSION = YES;
				CLANG_WARN_OBJC_ROOT_CLASS = YES_ERROR;
				CLANG_WARN_RANGE_LOOP_ANALYSIS = YES;
				CLANG_WARN_STRICT_PROTOTYPES = YES;
				CLANG_WARN_SUSPICIOUS_MOVE = YES;
				CLANG_WARN_UNGUARDED_AVAILABILITY = YES_AGGRESSIVE;
				CLANG_WARN_UNREACHABLE_CODE = YES;
				CLANG_WARN__DUPLICATE_METHOD_MATCH = YES;
				CODE_SIGN_IDENTITY = "iPhone Developer";
				COPY_PHASE_STRIP = NO;
				DEBUG_INFORMATION_FORMAT = dwarf;
				ENABLE_STRICT_OBJC_MSGSEND = YES;
				ENABLE_TESTABILITY = YES;
				GCC_C_LANGUAGE_STANDARD = gnu11;
				GCC_DYNAMIC_NO_PIC = NO;
				GCC_NO_COMMON_BLOCKS = YES;
				GCC_OPTIMIZATION_LEVEL = 0;
				GCC_PREPROCESSOR_DEFINITIONS = (
					"DEBUG=1",
					"$(inherited)",
				);
				GCC_WARN_64_TO_32_BIT_CONVERSION = YES;
				GCC_WARN_ABOUT_RETURN_TYPE = YES_ERROR;
				GCC_WARN_UNDECLARED_SELECTOR = YES;
				GCC_WARN_UNINITIALIZED_AUTOS = YES_AGGRESSIVE;
				GCC_WARN_UNUSED_FUNCTION = YES;
				GCC_WARN_UNUSED_VARIABLE = YES;
				IPHONEOS_DEPLOYMENT_TARGET = 11.1;
				MTL_ENABLE_DEBUG_INFO = YES;
				ONLY_ACTIVE_ARCH = YES;
				SDKROOT = iphoneos;
				SWIFT_ACTIVE_COMPILATION_CONDITIONS = DEBUG;
				SWIFT_OPTIMIZATION_LEVEL = "-Onone";
			};
			name = Debug;
		};
		183C792F1FFB71D9003D776A /* Release */ = {
			isa = XCBuildConfiguration;
			buildSettings = {
				ALWAYS_SEARCH_USER_PATHS = NO;
				CLANG_ANALYZER_NONNULL = YES;
				CLANG_ANALYZER_NUMBER_OBJECT_CONVERSION = YES_AGGRESSIVE;
				CLANG_CXX_LANGUAGE_STANDARD = "gnu++14";
				CLANG_CXX_LIBRARY = "libc++";
				CLANG_ENABLE_MODULES = YES;
				CLANG_ENABLE_OBJC_ARC = YES;
				CLANG_WARN_BLOCK_CAPTURE_AUTORELEASING = YES;
				CLANG_WARN_BOOL_CONVERSION = YES;
				CLANG_WARN_COMMA = YES;
				CLANG_WARN_CONSTANT_CONVERSION = YES;
				CLANG_WARN_DIRECT_OBJC_ISA_USAGE = YES_ERROR;
				CLANG_WARN_DOCUMENTATION_COMMENTS = YES;
				CLANG_WARN_EMPTY_BODY = YES;
				CLANG_WARN_ENUM_CONVERSION = YES;
				CLANG_WARN_INFINITE_RECURSION = YES;
				CLANG_WARN_INT_CONVERSION = YES;
				CLANG_WARN_NON_LITERAL_NULL_CONVERSION = YES;
				CLANG_WARN_OBJC_LITERAL_CONVERSION = YES;
				CLANG_WARN_OBJC_ROOT_CLASS = YES_ERROR;
				CLANG_WARN_RANGE_LOOP_ANALYSIS = YES;
				CLANG_WARN_STRICT_PROTOTYPES = YES;
				CLANG_WARN_SUSPICIOUS_MOVE = YES;
				CLANG_WARN_UNGUARDED_AVAILABILITY = YES_AGGRESSIVE;
				CLANG_WARN_UNREACHABLE_CODE = YES;
				CLANG_WARN__DUPLICATE_METHOD_MATCH = YES;
				CODE_SIGN_IDENTITY = "iPhone Developer";
				COPY_PHASE_STRIP = NO;
				DEBUG_INFORMATION_FORMAT = "dwarf-with-dsym";
				ENABLE_NS_ASSERTIONS = NO;
				ENABLE_STRICT_OBJC_MSGSEND = YES;
				GCC_C_LANGUAGE_STANDARD = gnu11;
				GCC_NO_COMMON_BLOCKS = YES;
				GCC_WARN_64_TO_32_BIT_CONVERSION = YES;
				GCC_WARN_ABOUT_RETURN_TYPE = YES_ERROR;
				GCC_WARN_UNDECLARED_SELECTOR = YES;
				GCC_WARN_UNINITIALIZED_AUTOS = YES_AGGRESSIVE;
				GCC_WARN_UNUSED_FUNCTION = YES;
				GCC_WARN_UNUSED_VARIABLE = YES;
				IPHONEOS_DEPLOYMENT_TARGET = 11.1;
				MTL_ENABLE_DEBUG_INFO = NO;
				SDKROOT = iphoneos;
				SWIFT_OPTIMIZATION_LEVEL = "-Owholemodule";
				VALIDATE_PRODUCT = YES;
			};
			name = Release;
		};
		183C79311FFB71D9003D776A /* Debug */ = {
			isa = XCBuildConfiguration;
			buildSettings = {
				ASSETCATALOG_COMPILER_APPICON_NAME = AppIcon;
				ASSETCATALOG_COMPILER_LAUNCHIMAGE_NAME = LaunchImage;
				"CODE_SIGN_IDENTITY[sdk=iphoneos*]" = "iPhone Developer";
				CODE_SIGN_STYLE = Automatic;
				DEVELOPMENT_TEAM = "";
				INFOPLIST_FILE = "斗鱼直播/Info.plist";
				LD_RUNPATH_SEARCH_PATHS = "$(inherited) @executable_path/Frameworks";
				PRODUCT_BUNDLE_IDENTIFIER = "com.zly.----";
				PRODUCT_NAME = "$(TARGET_NAME)";
				PROVISIONING_PROFILE_SPECIFIER = "";
				SWIFT_VERSION = 4.0;
				TARGETED_DEVICE_FAMILY = "1,2";
			};
			name = Debug;
		};
		183C79321FFB71D9003D776A /* Release */ = {
			isa = XCBuildConfiguration;
			buildSettings = {
				ASSETCATALOG_COMPILER_APPICON_NAME = AppIcon;
				ASSETCATALOG_COMPILER_LAUNCHIMAGE_NAME = LaunchImage;
				"CODE_SIGN_IDENTITY[sdk=iphoneos*]" = "iPhone Developer";
				CODE_SIGN_STYLE = Automatic;
				DEVELOPMENT_TEAM = "";
				INFOPLIST_FILE = "斗鱼直播/Info.plist";
				LD_RUNPATH_SEARCH_PATHS = "$(inherited) @executable_path/Frameworks";
				PRODUCT_BUNDLE_IDENTIFIER = "com.zly.----";
				PRODUCT_NAME = "$(TARGET_NAME)";
				PROVISIONING_PROFILE_SPECIFIER = "";
				SWIFT_VERSION = 4.0;
				TARGETED_DEVICE_FAMILY = "1,2";
			};
			name = Release;
		};
/* End XCBuildConfiguration section */

/* Begin XCConfigurationList section */
		183C79191FFB71D9003D776A /* Build configuration list for PBXProject "斗鱼直播" */ = {
			isa = XCConfigurationList;
			buildConfigurations = (
				183C792E1FFB71D9003D776A /* Debug */,
				183C792F1FFB71D9003D776A /* Release */,
			);
			defaultConfigurationIsVisible = 0;
			defaultConfigurationName = Release;
		};
		183C79301FFB71D9003D776A /* Build configuration list for PBXNativeTarget "斗鱼直播" */ = {
			isa = XCConfigurationList;
			buildConfigurations = (
				183C79311FFB71D9003D776A /* Debug */,
				183C79321FFB71D9003D776A /* Release */,
			);
			defaultConfigurationIsVisible = 0;
			defaultConfigurationName = Release;
		};
/* End XCConfigurationList section */
	};
	rootObject = 183C79161FFB71D9003D776A /* Project object */;
}
